
Microsoft Visual Studio Solution File, Format Version 12.00
# Visual Studio 2013
VisualStudioVersion = 12.0.31101.0
MinimumVisualStudioVersion = 10.0.40219.1
Project("{FAE04EC0-301F-11D3-BF4B-00C04F79EFBC}") = "Kanban", "Kanban\Kanban.csproj", "{BA76808A-B024-4BD0-BC3F-50F3583AD452}"
EndProject
Project("{FAE04EC0-301F-11D3-BF4B-00C04F79EFBC}") = "WebAndLoadTestProject1", "WebAndLoadTestProject1\WebAndLoadTestProject1.csproj", "{C65D017A-A174-4727-B9EC-6DB37EB293D0}"
EndProject
Project("{2150E333-8FDC-42A3-9474-1A3956D46DE8}") = "Solution Items", "Solution Items", "{3106F422-866C-4686-859C-385FF9A5047B}"
	ProjectSection(SolutionItems) = preProject
		Local.testsettings = Local.testsettings
	EndProjectSection
EndProject
Global
	GlobalSection(SolutionConfigurationPlatforms) = preSolution
		Debug|Any CPU = Debug|Any CPU
		Release|Any CPU = Release|Any CPU
	EndGlobalSection
	GlobalSection(ProjectConfigurationPlatforms) = postSolution
		{BA76808A-B024-4BD0-BC3F-50F3583AD452}.Debug|Any CPU.ActiveCfg = Debug|Any CPU
		{BA76808A-B024-4BD0-BC3F-50F3583AD452}.Debug|Any CPU.Build.0 = Debug|Any CPU
		{BA76808A-B024-4BD0-BC3F-50F3583AD452}.Release|Any CPU.ActiveCfg = Release|Any CPU
		{BA76808A-B024-4BD0-BC3F-50F3583AD452}.Release|Any CPU.Build.0 = Release|Any CPU
		{C65D017A-A174-4727-B9EC-6DB37EB293D0}.Debug|Any CPU.ActiveCfg = Debug|Any CPU
		{C65D017A-A174-4727-B9EC-6DB37EB293D0}.Debug|Any CPU.Build.0 = Debug|Any CPU
		{C65D017A-A174-4727-B9EC-6DB37EB293D0}.Release|Any CPU.ActiveCfg = Release|Any CPU
		{C65D017A-A174-4727-B9EC-6DB37EB293D0}.Release|Any CPU.Build.0 = Release|Any CPU
	EndGlobalSection
	GlobalSection(SolutionProperties) = preSolution
		HideSolutionNode = FALSE
	EndGlobalSection
EndGlobal
